
Microsoft Visual Studio Solution File, Format Version 12.00
# Visual Studio 15
VisualStudioVersion = 15.0.26730.16
MinimumVisualStudioVersion = 10.0.40219.1
Project("{FAE04EC0-301F-11D3-BF4B-00C04F79EFBC}") = "DDWindowsApp", "DDWindowsApp\DDWindowsApp.csproj", "{808545A7-697F-4117-AA7B-84F8BC3045BC}"
EndProject
Global
	GlobalSection(SolutionConfigurationPlatforms) = preSolution
		Debug|Any CPU = Debug|Any CPU
		Release|Any CPU = Release|Any CPU
	EndGlobalSection
	GlobalSection(ProjectConfigurationPlatforms) = postSolution
		{808545A7-697F-4117-AA7B-84F8BC3045BC}.Debug|Any CPU.ActiveCfg = Debug|Any CPU
		{808545A7-697F-4117-AA7B-84F8BC3045BC}.Debug|Any CPU.Build.0 = Debug|Any CPU
		{808545A7-697F-4117-AA7B-84F8BC3045BC}.Release|Any CPU.ActiveCfg = Release|Any CPU
		{808545A7-697F-4117-AA7B-84F8BC3045BC}.Release|Any CPU.Build.0 = Release|Any CPU
	EndGlobalSection
	GlobalSection(SolutionProperties) = preSolution
		HideSolutionNode = FALSE
	EndGlobalSection
	GlobalSection(ExtensibilityGlobals) = postSolution
		SolutionGuid = {BB979DA5-00A5-496B-ACD9-9D657164D2EE}
	EndGlobalSection
EndGlobal
